
Microsoft Visual Studio Solution File, Format Version 12.00
# Visual Studio Version 17
VisualStudioVersion = 17.0.31903.59
MinimumVisualStudioVersion = 10.0.40219.1
Project("{9A19103F-16F7-4668-BE54-9A1E7A4F7556}") = "Lab12.Client", "Lab12.Client\Lab12.Client.csproj", "{AAACADDE-AD31-46EC-A6AA-0D8441AD87CB}"
EndProject
Project("{9A19103F-16F7-4668-BE54-9A1E7A4F7556}") = "Lab12.Server", "Lab12.Server\Lab12.Server.csproj", "{20EC15CA-1C75-44BF-BBAD-C2686185322B}"
EndProject
Global
	GlobalSection(SolutionConfigurationPlatforms) = preSolution
		Debug|Any CPU = Debug|Any CPU
		Release|Any CPU = Release|Any CPU
	EndGlobalSection
	GlobalSection(ProjectConfigurationPlatforms) = postSolution
		{AAACADDE-AD31-46EC-A6AA-0D8441AD87CB}.Debug|Any CPU.ActiveCfg = Debug|Any CPU
		{AAACADDE-AD31-46EC-A6AA-0D8441AD87CB}.Debug|Any CPU.Build.0 = Debug|Any CPU
		{AAACADDE-AD31-46EC-A6AA-0D8441AD87CB}.Release|Any CPU.ActiveCfg = Release|Any CPU
		{AAACADDE-AD31-46EC-A6AA-0D8441AD87CB}.Release|Any CPU.Build.0 = Release|Any CPU
		{20EC15CA-1C75-44BF-BBAD-C2686185322B}.Debug|Any CPU.ActiveCfg = Debug|Any CPU
		{20EC15CA-1C75-44BF-BBAD-C2686185322B}.Debug|Any CPU.Build.0 = Debug|Any CPU
		{20EC15CA-1C75-44BF-BBAD-C2686185322B}.Release|Any CPU.ActiveCfg = Release|Any CPU
		{20EC15CA-1C75-44BF-BBAD-C2686185322B}.Release|Any CPU.Build.0 = Release|Any CPU
	EndGlobalSection
	GlobalSection(SolutionProperties) = preSolution
		HideSolutionNode = FALSE
	EndGlobalSection
EndGlobal
